{
  "name": "tg-bot",
  "version": "1.0.0",
  "lockfileVersion": 1,
  "requires": true,
  "dependencies": {
    "debug": {
      "version": "3.1.0",
      "resolved": "http://registry.npm.taobao.org/debug/download/debug-3.1.0.tgz",
      "integrity": "sha1-W7WgZyYotkFJVmuhaBnmFRjGcmE=",
      "requires": {
        "ms": "2.0.0"
      }
    },
    "ms": {
      "version": "2.0.0",
      "resolved": "http://registry.npm.taobao.org/ms/download/ms-2.0.0.tgz",
      "integrity": "sha1-VgiurfwAvmwpAd9fmGF4jeDVl8g="
    },
    "node-fetch": {
      "version": "2.1.1",
      "resolved": "http://registry.npm.taobao.org/node-fetch/download/node-fetch-2.1.1.tgz",
      "integrity": "sha1-NpynC4L1DIZJYQSmx3bSdPTkotQ="
    },
    "sandwich-stream": {
      "version": "1.0.0",
      "resolved": "http://registry.npm.taobao.org/sandwich-stream/download/sandwich-stream-1.0.0.tgz",
      "integrity": "sha1-eDDkV5e1kzKH8fmyj4cZB0ViYvI="
    },
    "telegraf": {
      "version": "3.19.0",
      "resolved": "http://registry.npm.taobao.org/telegraf/download/telegraf-3.19.0.tgz",
      "integrity": "sha1-ELLzgteBvuD5aXwBsUvkHdK1Z4Q=",
      "requires": {
        "debug": "3.1.0",
        "node-fetch": "2.1.1",
        "sandwich-stream": "1.0.0"
      }
    }
  }
}
